
Microsoft Visual Studio Solution File, Format Version 12.00
# Visual Studio Version 16
VisualStudioVersion = 16.0.30804.86
MinimumVisualStudioVersion = 10.0.40219.1
Project("{FAE04EC0-301F-11D3-BF4B-00C04F79EFBC}") = "SurfsUp", "SurfsUp\SurfsUp.csproj", "{788A8D6F-8357-41C4-8097-CA881BA9C04B}"
EndProject
Global
	GlobalSection(SolutionConfigurationPlatforms) = preSolution
		Debug|Any CPU = Debug|Any CPU
		Release|Any CPU = Release|Any CPU
	EndGlobalSection
	GlobalSection(ProjectConfigurationPlatforms) = postSolution
		{788A8D6F-8357-41C4-8097-CA881BA9C04B}.Debug|Any CPU.ActiveCfg = Debug|Any CPU
		{788A8D6F-8357-41C4-8097-CA881BA9C04B}.Debug|Any CPU.Build.0 = Debug|Any CPU
		{788A8D6F-8357-41C4-8097-CA881BA9C04B}.Release|Any CPU.ActiveCfg = Release|Any CPU
		{788A8D6F-8357-41C4-8097-CA881BA9C04B}.Release|Any CPU.Build.0 = Release|Any CPU
	EndGlobalSection
	GlobalSection(SolutionProperties) = preSolution
		HideSolutionNode = FALSE
	EndGlobalSection
	GlobalSection(ExtensibilityGlobals) = postSolution
		SolutionGuid = {B6E4CB4D-490D-4D69-A4D3-88A6DAB09BE0}
	EndGlobalSection
EndGlobal
